
Microsoft Visual Studio Solution File, Format Version 12.00
# Visual Studio Version 17
VisualStudioVersion = 17.11.35312.102
MinimumVisualStudioVersion = 10.0.40219.1
Project("{FAE04EC0-301F-11D3-BF4B-00C04F79EFBC}") = "TestProduct", "TestProduct\TestProduct.csproj", "{D78A3D7E-70FF-4594-A4B4-D8212A70D851}"
EndProject
Global
	GlobalSection(SolutionConfigurationPlatforms) = preSolution
		Debug|Any CPU = Debug|Any CPU
		Release|Any CPU = Release|Any CPU
	EndGlobalSection
	GlobalSection(ProjectConfigurationPlatforms) = postSolution
		{D78A3D7E-70FF-4594-A4B4-D8212A70D851}.Debug|Any CPU.ActiveCfg = Debug|Any CPU
		{D78A3D7E-70FF-4594-A4B4-D8212A70D851}.Debug|Any CPU.Build.0 = Debug|Any CPU
		{D78A3D7E-70FF-4594-A4B4-D8212A70D851}.Release|Any CPU.ActiveCfg = Release|Any CPU
		{D78A3D7E-70FF-4594-A4B4-D8212A70D851}.Release|Any CPU.Build.0 = Release|Any CPU
	EndGlobalSection
	GlobalSection(SolutionProperties) = preSolution
		HideSolutionNode = FALSE
	EndGlobalSection
	GlobalSection(ExtensibilityGlobals) = postSolution
		SolutionGuid = {694A5D6F-BCF7-4E63-AB52-568FA1A07564}
	EndGlobalSection
EndGlobal
